PODS:
  - Alamofire (4.7.3)
  - ChameleonFramework/Default (2.1.0)
  - ChameleonFramework/Swift (2.1.0):
    - ChameleonFramework/Default
  - Charts (3.2.0):
    - Charts/Core (= 3.2.0)
  - Charts/Core (3.2.0)
  - Differentiator (3.1.0)
  - FontAwesome.swift (1.4.4)
  - Kanna (4.0.2)
  - M13Checkbox (3.2.2)
  - Realm (3.13.0):
    - Realm/Headers (= 3.13.0)
  - Realm/Headers (3.13.0)
  - RealmSwift (3.13.0):
    - Realm (= 3.13.0)
  - RxCocoa (4.3.0):
    - RxSwift (~> 4.0)
  - RxDataSources (3.1.0):
    - Differentiator (~> 3.0)
    - RxCocoa (~> 4.0)
    - RxSwift (~> 4.0)
  - RxRealm (0.7.6):
    - RealmSwift (~> 3.0)
    - RxSwift (~> 4.0)
  - RxSwift (4.3.0)
  - SnapKit (4.0.1)
  - Static (3.0.2)
  - SwiftyJSON (4.1.0)

DEPENDENCIES:
  - Alamofire (~> 4.7)
  - ChameleonFramework/Swift (from `https://github.com/ViccAlexander/Chameleon.git`)
  - Charts (~> 3.0)
  - FontAwesome.swift (~> 1.4.1)
  - Kanna (~> 4.0.0)
  - M13Checkbox (from `https://github.com/Marxon13/M13Checkbox.git`, branch `swift_4_2`)
  - RealmSwift
  - RxCocoa (~> 4.0)
  - RxDataSources (~> 3.0)
  - RxRealm
  - RxSwift (~> 4.0)
  - SnapKit (~> 4.0.0)
  - Static
  - SwiftyJSON (~> 4.0)

SPEC REPOS:
  https://github.com/cocoapods/specs.git:
    - Alamofire
    - Charts
    - Differentiator
    - FontAwesome.swift
    - Kanna
    - Realm
    - RealmSwift
    - RxCocoa
    - RxDataSources
    - RxRealm
    - RxSwift
    - SnapKit
    - Static
    - SwiftyJSON

EXTERNAL SOURCES:
  ChameleonFramework:
    :git: https://github.com/ViccAlexander/Chameleon.git
  M13Checkbox:
    :branch: swift_4_2
    :git: https://github.com/Marxon13/M13Checkbox.git

CHECKOUT OPTIONS:
  ChameleonFramework:
    :commit: 6dd284bde21ea2e7f9fd89bc36f40df16e16369d
    :git: https://github.com/ViccAlexander/Chameleon.git
  M13Checkbox:
    :commit: c26efb918e40ae4662dc6659b60f7c5493e94807
    :git: https://github.com/Marxon13/M13Checkbox.git

SPEC CHECKSUMS:
  Alamofire: c7287b6e5d7da964a70935e5db17046b7fde6568
  ChameleonFramework: d21a3cc247abfe5e37609a283a8238b03575cf64
  Charts: 680c8328bd5e90cb14f67e00d2176f3113d19141
  Differentiator: be49ca3408f0ecfc761e4c7763d20c62be01b9ad
  FontAwesome.swift: 17b93524b9f61136a8566344517b8556ed584e87
  Kanna: c60b61d72554bf04ed1ee074f9b379855cab4892
  M13Checkbox: 82182615a76646475b451ebe448a998f77f8cc6e
  Realm: 5edd2ee65406aef591a4f9895de5a3440e51b3d8
  RealmSwift: be5ebc7930e37cd3376b41cec7f21984528aaa16
  RxCocoa: 71b9cce833fbcb89a8eec11816dd225830c2bd3c
  RxDataSources: a843bad90c29817f5923ec8163f4af2de084ceb3
  RxRealm: 5379eddd74f8d617ca7681d1f8d144af25b432b0
  RxSwift: a9717a34df3179fe63563f76e046ad345078dd3a
  SnapKit: 0de968a9fec17499afa29683b05d0c775b6d1c29
  Static: 1542d33a345105ae57e8fffd2d5200080d99f131
  SwiftyJSON: c29297daf073d2aa016295d5809cdd68045c39b3

PODFILE CHECKSUM: 4a27440a68dd615ce75b737261bc649fd95481f8

COCOAPODS: 1.5.3
